// !$*UTF8*$!
{
	archiveVersion = 1;
	classes = {
	};
	objectVersion = 56;
	objects = {

/* Begin PBXBuildFile section */
		EF93A8E52A0EAF63004EC228 /* AppDelegate.swift in Sources */ = {isa = PBXBuildFile; fileRef = EF93A8E42A0EAF63004EC228 /* AppDelegate.swift */; };
		EF93A8E72A0EAF63004EC228 /* SceneDelegate.swift in Sources */ = {isa = PBXBuildFile; fileRef = EF93A8E62A0EAF63004EC228 /* SceneDelegate.swift */; };
		EF93A8E92A0EAF63004EC228 /* ViewController.swift in Sources */ = {isa = PBXBuildFile; fileRef = EF93A8E82A0EAF63004EC228 /* ViewController.swift */; };
		EF93A8EC2A0EAF63004EC228 /* Main.storyboard in Resources */ = {isa = PBXBuildFile; fileRef = EF93A8EA2A0EAF63004EC228 /* Main.storyboard */; };
		EF93A8EE2A0EAF66004EC228 /* Assets.xcassets in Resources */ = {isa = PBXBuildFile; fileRef = EF93A8ED2A0EAF66004EC228 /* Assets.xcassets */; };
		EF93A8F12A0EAF66004EC228 /* LaunchScreen.storyboard in Resources */ = {isa = PBXBuildFile; fileRef = EF93A8EF2A0EAF66004EC228 /* LaunchScreen.storyboard */; };
		EF93A8F92A0EAFEC004EC228 /* Section.swift in Sources */ = {isa = PBXBuildFile; fileRef = EF93A8F82A0EAFEC004EC228 /* Section.swift */; };
/* End PBXBuildFile section */

/* Begin PBXFileReference section */
		EF93A8E12A0EAF63004EC228 /* tableshaffle.app */ = {isa = PBXFileReference; explicitFileType = wrapper.application; includeInIndex = 0; path = tableshaffle.app; sourceTree = BUILT_PRODUCTS_DIR; };
		EF93A8E42A0EAF63004EC228 /* AppDelegate.swift */ = {isa = PBXFileReference; lastKnownFileType = sourcecode.swift; path = AppDelegate.swift; sourceTree = "<group>"; };
		EF93A8E62A0EAF63004EC228 /* SceneDelegate.swift */ = {isa = PBXFileReference; lastKnownFileType = sourcecode.swift; path = SceneDelegate.swift; sourceTree = "<group>"; };
		EF93A8E82A0EAF63004EC228 /* ViewController.swift */ = {isa = PBXFileReference; lastKnownFileType = sourcecode.swift; path = ViewController.swift; sourceTree = "<group>"; };
		EF93A8EB2A0EAF63004EC228 /* Base */ = {isa = PBXFileReference; lastKnownFileType = file.storyboard; name = Base; path = Base.lproj/Main.storyboard; sourceTree = "<group>"; };
		EF93A8ED2A0EAF66004EC228 /* Assets.xcassets */ = {isa = PBXFileReference; lastKnownFileType = folder.assetcatalog; path = Assets.xcassets; sourceTree = "<group>"; };
		EF93A8F02A0EAF66004EC228 /* Base */ = {isa = PBXFileReference; lastKnownFileType = file.storyboard; name = Base; path = Base.lproj/LaunchScreen.storyboard; sourceTree = "<group>"; };
		EF93A8F22A0EAF66004EC228 /* Info.plist */ = {isa = PBXFileReference; lastKnownFileType = text.plist.xml; path = Info.plist; sourceTree = "<group>"; };
		EF93A8F82A0EAFEC004EC228 /* Section.swift */ = {isa = PBXFileReference; lastKnownFileType = sourcecode.swift; path = Section.swift; sourceTree = "<group>"; };
/* End PBXFileReference section */

/* Begin PBXFrameworksBuildPhase section */
		EF93A8DE2A0EAF63004EC228 /* Frameworks */ = {
			isa = PBXFrameworksBuildPhase;
			buildActionMask = 2147483647;
			files = (
			);
			runOnlyForDeploymentPostprocessing = 0;
		};
/* End PBXFrameworksBuildPhase section */

/* Begin PBXGroup section */
		EF93A8D82A0EAF63004EC228 = {
			isa = PBXGroup;
			children = (
				EF93A8E32A0EAF63004EC228 /* tableshaffle */,
				EF93A8E22A0EAF63004EC228 /* Products */,
			);
			sourceTree = "<group>";
		};
		EF93A8E22A0EAF63004EC228 /* Products */ = {
			isa = PBXGroup;
			children = (
				EF93A8E12A0EAF63004EC228 /* tableshaffle.app */,
			);
			name = Products;
			sourceTree = "<group>";
		};
		EF93A8E32A0EAF63004EC228 /* tableshaffle */ = {
			isa = PBXGroup;
			children = (
				EF93A8E42A0EAF63004EC228 /* AppDelegate.swift */,
				EF93A8E62A0EAF63004EC228 /* SceneDelegate.swift */,
				EF93A8E82A0EAF63004EC228 /* ViewController.swift */,
				EF93A8EA2A0EAF63004EC228 /* Main.storyboard */,
				EF93A8ED2A0EAF66004EC228 /* Assets.xcassets */,
				EF93A8EF2A0EAF66004EC228 /* LaunchScreen.storyboard */,
				EF93A8F22A0EAF66004EC228 /* Info.plist */,
				EF93A8F82A0EAFEC004EC228 /* Section.swift */,
			);
			path = tableshaffle;
			sourceTree = "<group>";
		};
/* End PBXGroup section */

/* Begin PBXNativeTarget section */
		EF93A8E02A0EAF63004EC228 /* tableshaffle */ = {
			isa = PBXNativeTarget;
			buildConfigurationList = EF93A8F52A0EAF66004EC228 /* Build configuration list for PBXNativeTarget "tableshaffle" */;
			buildPhases = (
				EF93A8DD2A0EAF63004EC228 /* Sources */,
				EF93A8DE2A0EAF63004EC228 /* Frameworks */,
				EF93A8DF2A0EAF63004EC228 /* Resources */,
			);
			buildRules = (
			);
			dependencies = (
			);
			name = tableshaffle;
			productName = tableshaffle;
			productReference = EF93A8E12A0EAF63004EC228 /* tableshaffle.app */;
			productType = "com.apple.product-type.application";
		};
/* End PBXNativeTarget section */

/* Begin PBXProject section */
		EF93A8D92A0EAF63004EC228 /* Project object */ = {
			isa = PBXProject;
			attributes = {
				BuildIndependentTargetsInParallel = 1;
				LastSwiftUpdateCheck = 1400;
				LastUpgradeCheck = 1400;
				TargetAttributes = {
					EF93A8E02A0EAF63004EC228 = {
						CreatedOnToolsVersion = 14.0.1;
					};
				};
			};
			buildConfigurationList = EF93A8DC2A0EAF63004EC228 /* Build configuration list for PBXProject "tableshaffle" */;
			compatibilityVersion = "Xcode 14.0";
			developmentRegion = en;
			hasScannedForEncodings = 0;
			knownRegions = (
				en,
				Base,
			);
			mainGroup = EF93A8D82A0EAF63004EC228;
			productRefGroup = EF93A8E22A0EAF63004EC228 /* Products */;
			projectDirPath = "";
			projectRoot = "";
			targets = (
				EF93A8E02A0EAF63004EC228 /* tableshaffle */,
			);
		};
/* End PBXProject section */

/* Begin PBXResourcesBuildPhase section */
		EF93A8DF2A0EAF63004EC228 /* Resources */ = {
			isa = PBXResourcesBuildPhase;
			buildActionMask = 2147483647;
			files = (
				EF93A8F12A0EAF66004EC228 /* LaunchScreen.storyboard in Resources */,
				EF93A8EE2A0EAF66004EC228 /* Assets.xcassets in Resources */,
				EF93A8EC2A0EAF63004EC228 /* Main.storyboard in Resources */,
			);
			runOnlyForDeploymentPostprocessing = 0;
		};
/* End PBXResourcesBuildPhase section */

/* Begin PBXSourcesBuildPhase section */
		EF93A8DD2A0EAF63004EC228 /* Sources */ = {
			isa = PBXSourcesBuildPhase;
			buildActionMask = 2147483647;
			files = (
				EF93A8E92A0EAF63004EC228 /* ViewController.swift in Sources */,
				EF93A8F92A0EAFEC004EC228 /* Section.swift in Sources */,
				EF93A8E52A0EAF63004EC228 /* AppDelegate.swift in Sources */,
				EF93A8E72A0EAF63004EC228 /* SceneDelegate.swift in Sources */,
			);
			runOnlyForDeploymentPostprocessing = 0;
		};
/* End PBXSourcesBuildPhase section */

/* Begin PBXVariantGroup section */
		EF93A8EA2A0EAF63004EC228 /* Main.storyboard */ = {
			isa = PBXVariantGroup;
			children = (
				EF93A8EB2A0EAF63004EC228 /* Base */,
			);
			name = Main.storyboard;
			sourceTree = "<group>";
		};
		EF93A8EF2A0EAF66004EC228 /* LaunchScreen.storyboard */ = {
			isa = PBXVariantGroup;
			children = (
				EF93A8F02A0EAF66004EC228 /* Base */,
			);
			name = LaunchScreen.storyboard;
			sourceTree = "<group>";
		};
/* End PBXVariantGroup section */

/* Begin XCBuildConfiguration section */
		EF93A8F32A0EAF66004EC228 /* Debug */ = {
			isa = XCBuildConfiguration;
			buildSettings = {
				ALWAYS_SEARCH_USER_PATHS = NO;
				CLANG_ANALYZER_NONNULL = YES;
				CLANG_ANALYZER_NUMBER_OBJECT_CONVERSION = YES_AGGRESSIVE;
				CLANG_CXX_LANGUAGE_STANDARD = "gnu++20";
				CLANG_ENABLE_MODULES = YES;
				CLANG_ENABLE_OBJC_ARC = YES;
				CLANG_ENABLE_OBJC_WEAK = YES;
				CLANG_WARN_BLOCK_CAPTURE_AUTORELEASING = YES;
				CLANG_WARN_BOOL_CONVERSION = YES;
				CLANG_WARN_COMMA = YES;
				CLANG_WARN_CONSTANT_CONVERSION = YES;
				CLANG_WARN_DEPRECATED_OBJC_IMPLEMENTATIONS = YES;
				CLANG_WARN_DIRECT_OBJC_ISA_USAGE = YES_ERROR;
				CLANG_WARN_DOCUMENTATION_COMMENTS = YES;
				CLANG_WARN_EMPTY_BODY = YES;
				CLANG_WARN_ENUM_CONVERSION = YES;
				CLANG_WARN_INFINITE_RECURSION = YES;
				CLANG_WARN_INT_CONVERSION = YES;
				CLANG_WARN_NON_LITERAL_NULL_CONVERSION = YES;
				CLANG_WARN_OBJC_IMPLICIT_RETAIN_SELF = YES;
				CLANG_WARN_OBJC_LITERAL_CONVERSION = YES;
				CLANG_WARN_OBJC_ROOT_CLASS = YES_ERROR;
				CLANG_WARN_QUOTED_INCLUDE_IN_FRAMEWORK_HEADER = YES;
				CLANG_WARN_RANGE_LOOP_ANALYSIS = YES;
				CLANG_WARN_STRICT_PROTOTYPES = YES;
				CLANG_WARN_SUSPICIOUS_MOVE = YES;
				CLANG_WARN_UNGUARDED_AVAILABILITY = YES_AGGRESSIVE;
				CLANG_WARN_UNREACHABLE_CODE = YES;
				CLANG_WARN__DUPLICATE_METHOD_MATCH = YES;
				COPY_PHASE_STRIP = NO;
				DEBUG_INFORMATION_FORMAT = dwarf;
				ENABLE_STRICT_OBJC_MSGSEND = YES;
				ENABLE_TESTABILITY = YES;
				GCC_C_LANGUAGE_STANDARD = gnu11;
				GCC_DYNAMIC_NO_PIC = NO;
				GCC_NO_COMMON_BLOCKS = YES;
				GCC_OPTIMIZATION_LEVEL = 0;
				GCC_PREPROCESSOR_DEFINITIONS = (
					"DEBUG=1",
					"$(inherited)",
				);
				GCC_WARN_64_TO_32_BIT_CONVERSION = YES;
				GCC_WARN_ABOUT_RETURN_TYPE = YES_ERROR;
				GCC_WARN_UNDECLARED_SELECTOR = YES;
				GCC_WARN_UNINITIALIZED_AUTOS = YES_AGGRESSIVE;
				GCC_WARN_UNUSED_FUNCTION = YES;
				GCC_WARN_UNUSED_VARIABLE = YES;
				IPHONEOS_DEPLOYMENT_TARGET = 16.0;
				MTL_ENABLE_DEBUG_INFO = INCLUDE_SOURCE;
				MTL_FAST_MATH = YES;
				ONLY_ACTIVE_ARCH = YES;
				SDKROOT = iphoneos;
				SWIFT_ACTIVE_COMPILATION_CONDITIONS = DEBUG;
				SWIFT_OPTIMIZATION_LEVEL = "-Onone";
			};
			name = Debug;
		};
		EF93A8F42A0EAF66004EC228 /* Release */ = {
			isa = XCBuildConfiguration;
			buildSettings = {
				ALWAYS_SEARCH_USER_PATHS = NO;
				CLANG_ANALYZER_NONNULL = YES;
				CLANG_ANALYZER_NUMBER_OBJECT_CONVERSION = YES_AGGRESSIVE;
				CLANG_CXX_LANGUAGE_STANDARD = "gnu++20";
				CLANG_ENABLE_MODULES = YES;
				CLANG_ENABLE_OBJC_ARC = YES;
				CLANG_ENABLE_OBJC_WEAK = YES;
				CLANG_WARN_BLOCK_CAPTURE_AUTORELEASING = YES;
				CLANG_WARN_BOOL_CONVERSION = YES;
				CLANG_WARN_COMMA = YES;
				CLANG_WARN_CONSTANT_CONVERSION = YES;
				CLANG_WARN_DEPRECATED_OBJC_IMPLEMENTATIONS = YES;
				CLANG_WARN_DIRECT_OBJC_ISA_USAGE = YES_ERROR;
				CLANG_WARN_DOCUMENTATION_COMMENTS = YES;
				CLANG_WARN_EMPTY_BODY = YES;
				CLANG_WARN_ENUM_CONVERSION = YES;
				CLANG_WARN_INFINITE_RECURSION = YES;
				CLANG_WARN_INT_CONVERSION = YES;
				CLANG_WARN_NON_LITERAL_NULL_CONVERSION = YES;
				CLANG_WARN_OBJC_IMPLICIT_RETAIN_SELF = YES;
				CLANG_WARN_OBJC_LITERAL_CONVERSION = YES;
				CLANG_WARN_OBJC_ROOT_CLASS = YES_ERROR;
				CLANG_WARN_QUOTED_INCLUDE_IN_FRAMEWORK_HEADER = YES;
				CLANG_WARN_RANGE_LOOP_ANALYSIS = YES;
				CLANG_WARN_STRICT_PROTOTYPES = YES;
				CLANG_WARN_SUSPICIOUS_MOVE = YES;
				CLANG_WARN_UNGUARDED_AVAILABILITY = YES_AGGRESSIVE;
				CLANG_WARN_UNREACHABLE_CODE = YES;
				CLANG_WARN__DUPLICATE_METHOD_MATCH = YES;
				COPY_PHASE_STRIP = NO;
				DEBUG_INFORMATION_FORMAT = "dwarf-with-dsym";
				ENABLE_NS_ASSERTIONS = NO;
				ENABLE_STRICT_OBJC_MSGSEND = YES;
				GCC_C_LANGUAGE_STANDARD = gnu11;
				GCC_NO_COMMON_BLOCKS = YES;
				GCC_WARN_64_TO_32_BIT_CONVERSION = YES;
				GCC_WARN_ABOUT_RETURN_TYPE = YES_ERROR;
				GCC_WARN_UNDECLARED_SELECTOR = YES;
				GCC_WARN_UNINITIALIZED_AUTOS = YES_AGGRESSIVE;
				GCC_WARN_UNUSED_FUNCTION = YES;
				GCC_WARN_UNUSED_VARIABLE = YES;
				IPHONEOS_DEPLOYMENT_TARGET = 16.0;
				MTL_ENABLE_DEBUG_INFO = NO;
				MTL_FAST_MATH = YES;
				SDKROOT = iphoneos;
				SWIFT_COMPILATION_MODE = wholemodule;
				SWIFT_OPTIMIZATION_LEVEL = "-O";
				VALIDATE_PRODUCT = YES;
			};
			name = Release;
		};
		EF93A8F62A0EAF66004EC228 /* Debug */ = {
			isa = XCBuildConfiguration;
			buildSettings = {
				ASSETCATALOG_COMPILER_APPICON_NAME = AppIcon;
				ASSETCATALOG_COMPILER_GLOBAL_ACCENT_COLOR_NAME = AccentColor;
				CODE_SIGN_STYLE = Automatic;
				CURRENT_PROJECT_VERSION = 1;
				DEVELOPMENT_TEAM = B24RZMLQ57;
				GENERATE_INFOPLIST_FILE = YES;
				INFOPLIST_FILE = tableshaffle/Info.plist;
				INFOPLIST_KEY_UIApplicationSupportsIndirectInputEvents = YES;
				INFOPLIST_KEY_UILaunchStoryboardName = LaunchScreen;
				INFOPLIST_KEY_UIMainStoryboardFile = Main;
				INFOPLIST_KEY_UISupportedInterfaceOrientations_iPad = "UIInterfaceOrientationPortrait UIInterfaceOrientationPortraitUpsideDown UIInterfaceOrientationLandscapeLeft UIInterfaceOrientationLandscapeRight";
				INFOPLIST_KEY_UISupportedInterfaceOrientations_iPhone = "UIInterfaceOrientationPortrait UIInterfaceOrientationLandscapeLeft UIInterfaceOrientationLandscapeRight";
				LD_RUNPATH_SEARCH_PATHS = (
					"$(inherited)",
					"@executable_path/Frameworks",
				);
				MARKETING_VERSION = 1.0;
				PRODUCT_BUNDLE_IDENTIFIER = ellina.korzhova.tableshaffle;
				PRODUCT_NAME = "$(TARGET_NAME)";
				SWIFT_EMIT_LOC_STRINGS = YES;
				SWIFT_VERSION = 5.0;
				TARGETED_DEVICE_FAMILY = "1,2";
			};
			name = Debug;
		};
		EF93A8F72A0EAF66004EC228 /* Release */ = {
			isa = XCBuildConfiguration;
			buildSettings = {
				ASSETCATALOG_COMPILER_APPICON_NAME = AppIcon;
				ASSETCATALOG_COMPILER_GLOBAL_ACCENT_COLOR_NAME = AccentColor;
				CODE_SIGN_STYLE = Automatic;
				CURRENT_PROJECT_VERSION = 1;
				DEVELOPMENT_TEAM = B24RZMLQ57;
				GENERATE_INFOPLIST_FILE = YES;
				INFOPLIST_FILE = tableshaffle/Info.plist;
				INFOPLIST_KEY_UIApplicationSupportsIndirectInputEvents = YES;
				INFOPLIST_KEY_UILaunchStoryboardName = LaunchScreen;
				INFOPLIST_KEY_UIMainStoryboardFile = Main;
				INFOPLIST_KEY_UISupportedInterfaceOrientations_iPad = "UIInterfaceOrientationPortrait UIInterfaceOrientationPortraitUpsideDown UIInterfaceOrientationLandscapeLeft UIInterfaceOrientationLandscapeRight";
				INFOPLIST_KEY_UISupportedInterfaceOrientations_iPhone = "UIInterfaceOrientationPortrait UIInterfaceOrientationLandscapeLeft UIInterfaceOrientationLandscapeRight";
				LD_RUNPATH_SEARCH_PATHS = (
					"$(inherited)",
					"@executable_path/Frameworks",
				);
				MARKETING_VERSION = 1.0;
				PRODUCT_BUNDLE_IDENTIFIER = ellina.korzhova.tableshaffle;
				PRODUCT_NAME = "$(TARGET_NAME)";
				SWIFT_EMIT_LOC_STRINGS = YES;
				SWIFT_VERSION = 5.0;
				TARGETED_DEVICE_FAMILY = "1,2";
			};
			name = Release;
		};
/* End XCBuildConfiguration section */

/* Begin XCConfigurationList section */
		EF93A8DC2A0EAF63004EC228 /* Build configuration list for PBXProject "tableshaffle" */ = {
			isa = XCConfigurationList;
			buildConfigurations = (
				EF93A8F32A0EAF66004EC228 /* Debug */,
				EF93A8F42A0EAF66004EC228 /* Release */,
			);
			defaultConfigurationIsVisible = 0;
			defaultConfigurationName = Release;
		};
		EF93A8F52A0EAF66004EC228 /* Build configuration list for PBXNativeTarget "tableshaffle" */ = {
			isa = XCConfigurationList;
			buildConfigurations = (
				EF93A8F62A0EAF66004EC228 /* Debug */,
				EF93A8F72A0EAF66004EC228 /* Release */,
			);
			defaultConfigurationIsVisible = 0;
			defaultConfigurationName = Release;
		};
/* End XCConfigurationList section */
	};
	rootObject = EF93A8D92A0EAF63004EC228 /* Project object */;
}
